
Microsoft Visual Studio Solution File, Format Version 12.00
# Visual Studio Version 17
VisualStudioVersion = 17.6.33815.320
MinimumVisualStudioVersion = 10.0.40219.1
Project("{FAE04EC0-301F-11D3-BF4B-00C04F79EFBC}") = "GitHub", "GitHub\GitHub.csproj", "{9A34C5F7-9BAA-42D7-BA4F-3E357C67FB56}"
EndProject
Global
	GlobalSection(SolutionConfigurationPlatforms) = preSolution
		Debug|Any CPU = Debug|Any CPU
		Release|Any CPU = Release|Any CPU
	EndGlobalSection
	GlobalSection(ProjectConfigurationPlatforms) = postSolution
		{9A34C5F7-9BAA-42D7-BA4F-3E357C67FB56}.Debug|Any CPU.ActiveCfg = Debug|Any CPU
		{9A34C5F7-9BAA-42D7-BA4F-3E357C67FB56}.Debug|Any CPU.Build.0 = Debug|Any CPU
		{9A34C5F7-9BAA-42D7-BA4F-3E357C67FB56}.Release|Any CPU.ActiveCfg = Release|Any CPU
		{9A34C5F7-9BAA-42D7-BA4F-3E357C67FB56}.Release|Any CPU.Build.0 = Release|Any CPU
	EndGlobalSection
	GlobalSection(SolutionProperties) = preSolution
		HideSolutionNode = FALSE
	EndGlobalSection
	GlobalSection(ExtensibilityGlobals) = postSolution
		SolutionGuid = {65C67135-4B40-4827-BE0A-C3B1785D2847}
	EndGlobalSection
EndGlobal
